PODS:
  - Bolts/Tasks (1.5.0)
  - Parse (1.9.1):
    - Bolts/Tasks (>= 1.4.0)
  - RxCocoa (2.0.0-beta.3):
    - RxSwift (~> 2.0.0-beta)
  - RxSwift (2.0.0-beta.3)

DEPENDENCIES:
  - Parse
  - RxCocoa (= 2.0.0-beta.3)
  - RxSwift (= 2.0.0-beta.3)

SPEC CHECKSUMS:
  Bolts: 722ab9a4f8b50fc4ed1b9998a5a7a2b3f16d80b4
  Parse: 54a965c8c19a6dde90284ab654dbcc77ef8c001b
  RxCocoa: 1472006304b296d03c847f78b21384523cc4902e
  RxSwift: 19fbe885b404d1d36d42ac8535134739a9b42952

COCOAPODS: 0.39.0
